{
  "originHash" : "b817726feb7ebc6f0782b1e1b11ac054387cedca51fb1512557001707a95fdf9",
  "pins" : [
    {
      "identity" : "swift-argument-parser",
      "kind" : "remoteSourceControl",
      "location" : "https://github.com/apple/swift-argument-parser.git",
      "state" : {
        "revision" : "41982a3656a71c768319979febd796c6fd111d5c",
        "version" : "1.5.0"
      }
    },
    {
      "identity" : "yams",
      "kind" : "remoteSourceControl",
      "location" : "https://github.com/jpsim/Yams.git",
      "state" : {
        "revision" : "b4b8042411dc7bbb696300a34a4bf3ba1b7ad19b",
        "version" : "5.3.1"
      }
    }
  ],
  "version" : 3
}
